
Microsoft Visual Studio Solution File, Format Version 12.00
# Visual Studio 2012
Project("{FAE04EC0-301F-11D3-BF4B-00C04F79EFBC}") = "AGLPing", "AGLPing\AGLPing.csproj", "{3F60EB32-EF96-4960-9646-C7C4AE87E0CA}"
EndProject
Global
	GlobalSection(SolutionConfigurationPlatforms) = preSolution
		Debug|Any CPU = Debug|Any CPU
		Release|Any CPU = Release|Any CPU
	EndGlobalSection
	GlobalSection(ProjectConfigurationPlatforms) = postSolution
		{3F60EB32-EF96-4960-9646-C7C4AE87E0CA}.Debug|Any CPU.ActiveCfg = Debug|Any CPU
		{3F60EB32-EF96-4960-9646-C7C4AE87E0CA}.Debug|Any CPU.Build.0 = Debug|Any CPU
		{3F60EB32-EF96-4960-9646-C7C4AE87E0CA}.Release|Any CPU.ActiveCfg = Release|Any CPU
		{3F60EB32-EF96-4960-9646-C7C4AE87E0CA}.Release|Any CPU.Build.0 = Release|Any CPU
	EndGlobalSection
	GlobalSection(SolutionProperties) = preSolution
		HideSolutionNode = FALSE
	EndGlobalSection
EndGlobal
